
Microsoft Visual Studio Solution File, Format Version 12.00
# Visual Studio Version 17
VisualStudioVersion = 17.5.33516.290
MinimumVisualStudioVersion = 10.0.40219.1
Project("{FAE04EC0-301F-11D3-BF4B-00C04F79EFBC}") = "crecer_backend", "crecer_backend.csproj", "{58FB491B-8763-4C34-8A08-25E75B11037D}"
EndProject
Global
	GlobalSection(SolutionConfigurationPlatforms) = preSolution
		Debug|Any CPU = Debug|Any CPU
		Release|Any CPU = Release|Any CPU
	EndGlobalSection
	GlobalSection(ProjectConfigurationPlatforms) = postSolution
		{58FB491B-8763-4C34-8A08-25E75B11037D}.Debug|Any CPU.ActiveCfg = Debug|Any CPU
		{58FB491B-8763-4C34-8A08-25E75B11037D}.Debug|Any CPU.Build.0 = Debug|Any CPU
		{58FB491B-8763-4C34-8A08-25E75B11037D}.Release|Any CPU.ActiveCfg = Release|Any CPU
		{58FB491B-8763-4C34-8A08-25E75B11037D}.Release|Any CPU.Build.0 = Release|Any CPU
	EndGlobalSection
	GlobalSection(SolutionProperties) = preSolution
		HideSolutionNode = FALSE
	EndGlobalSection
	GlobalSection(ExtensibilityGlobals) = postSolution
		SolutionGuid = {650047A3-7E79-4466-BC14-C4F5CB6C692A}
	EndGlobalSection
EndGlobal
